
Microsoft Visual Studio Solution File, Format Version 12.00
# Visual Studio Version 17
VisualStudioVersion = 17.0.31903.59
MinimumVisualStudioVersion = 10.0.40219.1
Project("{FAE04EC0-301F-11D3-BF4B-00C04F79EFBC}") = "PreonEngine", "PreonEngine\PreonEngine.csproj", "{2AC3B3C8-844C-4884-99C2-AB97F62D74A6}"
EndProject
Project("{FAE04EC0-301F-11D3-BF4B-00C04F79EFBC}") = "Demo", "Demo\Demo.csproj", "{141A0FC8-13DB-49B3-85F4-BFD2C7A0CDCC}"
EndProject
Global
	GlobalSection(SolutionConfigurationPlatforms) = preSolution
		Debug|Any CPU = Debug|Any CPU
		Release|Any CPU = Release|Any CPU
	EndGlobalSection
	GlobalSection(SolutionProperties) = preSolution
		HideSolutionNode = FALSE
	EndGlobalSection
	GlobalSection(ProjectConfigurationPlatforms) = postSolution
		{2AC3B3C8-844C-4884-99C2-AB97F62D74A6}.Debug|Any CPU.ActiveCfg = Debug|Any CPU
		{2AC3B3C8-844C-4884-99C2-AB97F62D74A6}.Debug|Any CPU.Build.0 = Debug|Any CPU
		{2AC3B3C8-844C-4884-99C2-AB97F62D74A6}.Release|Any CPU.ActiveCfg = Release|Any CPU
		{2AC3B3C8-844C-4884-99C2-AB97F62D74A6}.Release|Any CPU.Build.0 = Release|Any CPU
		{141A0FC8-13DB-49B3-85F4-BFD2C7A0CDCC}.Debug|Any CPU.ActiveCfg = Debug|Any CPU
		{141A0FC8-13DB-49B3-85F4-BFD2C7A0CDCC}.Debug|Any CPU.Build.0 = Debug|Any CPU
		{141A0FC8-13DB-49B3-85F4-BFD2C7A0CDCC}.Release|Any CPU.ActiveCfg = Release|Any CPU
		{141A0FC8-13DB-49B3-85F4-BFD2C7A0CDCC}.Release|Any CPU.Build.0 = Release|Any CPU
	EndGlobalSection
EndGlobal
